
Microsoft Visual Studio Solution File, Format Version 12.00
# Visual Studio Version 16
VisualStudioVersion = 16.0.31911.196
MinimumVisualStudioVersion = 10.0.40219.1
Project("{FAE04EC0-301F-11D3-BF4B-00C04F79EFBC}") = "Degoo", "Degoo\Degoo.csproj", "{0F57B779-011C-4DB6-B1C4-A9DB1FC98F6A}"
EndProject
Global
	GlobalSection(SolutionConfigurationPlatforms) = preSolution
		Debug|Any CPU = Debug|Any CPU
		Release|Any CPU = Release|Any CPU
	EndGlobalSection
	GlobalSection(ProjectConfigurationPlatforms) = postSolution
		{0F57B779-011C-4DB6-B1C4-A9DB1FC98F6A}.Debug|Any CPU.ActiveCfg = Debug|Any CPU
		{0F57B779-011C-4DB6-B1C4-A9DB1FC98F6A}.Debug|Any CPU.Build.0 = Debug|Any CPU
		{0F57B779-011C-4DB6-B1C4-A9DB1FC98F6A}.Release|Any CPU.ActiveCfg = Release|Any CPU
		{0F57B779-011C-4DB6-B1C4-A9DB1FC98F6A}.Release|Any CPU.Build.0 = Release|Any CPU
	EndGlobalSection
	GlobalSection(SolutionProperties) = preSolution
		HideSolutionNode = FALSE
	EndGlobalSection
	GlobalSection(ExtensibilityGlobals) = postSolution
		SolutionGuid = {B53F66B2-5620-40CB-8DDC-689C335B77F3}
	EndGlobalSection
EndGlobal
